<Solution>
  <Configurations>
    <Platform Name="ARM" />
    <Platform Name="ARM64" />
    <Platform Name="x64" />
    <Platform Name="x86" />
  </Configurations>
  <Project Path="fun/fun.vcxproj" Id="88147964-f3f4-405b-b1ce-0db2e2c762da">
    <Platform Solution="*|ARM" Project="x64" />
    <Platform Solution="*|ARM64" Project="x64" />
  </Project>
  <Project Path="lab2/lab2.vcxproj" Id="38c869be-920b-42e5-ba66-43e7eb11b602">
    <Platform Solution="*|ARM" Project="x64" />
    <Platform Solution="*|ARM64" Project="x64" />
  </Project>
  <Project Path="lab3/lab3.vcxproj" Id="d5ec8cc6-8c17-4686-8403-6f988dc72a2d">
    <Platform Solution="*|ARM" Project="x64" />
    <Platform Solution="*|ARM64" Project="x64" />
  </Project>
  <Project Path="lent/lent.vcxproj" Id="2c0a0ccf-894b-48f8-ad2d-a177116393e0">
    <Platform Solution="*|ARM" Project="x64" />
    <Platform Solution="*|ARM64" Project="x64" />
  </Project>
</Solution>
